// !$*UTF8*$!
{
	archiveVersion = 1;
	classes = {
	};
	objectVersion = 50;
	objects = {

/* Begin PBXBuildFile section */
		6E3EA07D21B40CD600A3FE19 /* AppDelegate.swift in Sources */ = {isa = PBXBuildFile; fileRef = 6E3EA07C21B40CD600A3FE19 /* AppDelegate.swift */; };
		6E3EA08221B40CD600A3FE19 /* Main.storyboard in Resources */ = {isa = PBXBuildFile; fileRef = 6E3EA08021B40CD600A3FE19 /* Main.storyboard */; };
		6E3EA08421B40CDD00A3FE19 /* Assets.xcassets in Resources */ = {isa = PBXBuildFile; fileRef = 6E3EA08321B40CDD00A3FE19 /* Assets.xcassets */; };
		6E3EA08721B40CDD00A3FE19 /* LaunchScreen.storyboard in Resources */ = {isa = PBXBuildFile; fileRef = 6E3EA08521B40CDD00A3FE19 /* LaunchScreen.storyboard */; };
		6E3EA09221B40CDE00A3FE19 /* HGImageLibTests.swift in Sources */ = {isa = PBXBuildFile; fileRef = 6E3EA09121B40CDE00A3FE19 /* HGImageLibTests.swift */; };
		6E3EA0A221B429B800A3FE19 /* PinboardViewController.swift in Sources */ = {isa = PBXBuildFile; fileRef = 6E3EA0A121B429B800A3FE19 /* PinboardViewController.swift */; };
		6E3EA0A521B4337700A3FE19 /* ImageCollectionViewCell.swift in Sources */ = {isa = PBXBuildFile; fileRef = 6E3EA0A421B4337700A3FE19 /* ImageCollectionViewCell.swift */; };
		6E3EA0AA21B450C300A3FE19 /* UIImageView+HGImageLib.swift in Sources */ = {isa = PBXBuildFile; fileRef = 6E3EA0A921B450C300A3FE19 /* UIImageView+HGImageLib.swift */; };
		6E3EA0AD21B4512B00A3FE19 /* HGNetworkLib.swift in Sources */ = {isa = PBXBuildFile; fileRef = 6E3EA0AC21B4512B00A3FE19 /* HGNetworkLib.swift */; };
		6E3EA0AF21B456CA00A3FE19 /* Image.swift in Sources */ = {isa = PBXBuildFile; fileRef = 6E3EA0AE21B456CA00A3FE19 /* Image.swift */; };
		6E3EA0B121B4584400A3FE19 /* ImageDownloader.swift in Sources */ = {isa = PBXBuildFile; fileRef = 6E3EA0B021B4584400A3FE19 /* ImageDownloader.swift */; };
		6E3EA0B321B458D500A3FE19 /* HGIError.swift in Sources */ = {isa = PBXBuildFile; fileRef = 6E3EA0B221B458D500A3FE19 /* HGIError.swift */; };
		6E3EA0B521B459C800A3FE19 /* Response.swift in Sources */ = {isa = PBXBuildFile; fileRef = 6E3EA0B421B459C800A3FE19 /* Response.swift */; };
		6E3EA0B721B459FE00A3FE19 /* Result.swift in Sources */ = {isa = PBXBuildFile; fileRef = 6E3EA0B621B459FE00A3FE19 /* Result.swift */; };
		6E3EA0B921B45A3600A3FE19 /* Timeline.swift in Sources */ = {isa = PBXBuildFile; fileRef = 6E3EA0B821B45A3600A3FE19 /* Timeline.swift */; };
		6E3EA0BB21B45AA400A3FE19 /* Request.swift in Sources */ = {isa = PBXBuildFile; fileRef = 6E3EA0BA21B45AA400A3FE19 /* Request.swift */; };
		6E3EA0BD21B45B5E00A3FE19 /* TaskDelegate.swift in Sources */ = {isa = PBXBuildFile; fileRef = 6E3EA0BC21B45B5E00A3FE19 /* TaskDelegate.swift */; };
		6E3EA0BF21B45C4800A3FE19 /* Notifications.swift in Sources */ = {isa = PBXBuildFile; fileRef = 6E3EA0BE21B45C4800A3FE19 /* Notifications.swift */; };
		6E3EA0C121B45CBD00A3FE19 /* HGError.swift in Sources */ = {isa = PBXBuildFile; fileRef = 6E3EA0C021B45CBD00A3FE19 /* HGError.swift */; };
		6E3EA0C321B45D4C00A3FE19 /* ImageFilter.swift in Sources */ = {isa = PBXBuildFile; fileRef = 6E3EA0C221B45D4C00A3FE19 /* ImageFilter.swift */; };
		6E3EA0C521B45DD000A3FE19 /* UIImage+HGImageLib.swift in Sources */ = {isa = PBXBuildFile; fileRef = 6E3EA0C421B45DD000A3FE19 /* UIImage+HGImageLib.swift */; };
		6E3EA0C721B45E9100A3FE19 /* Request+HGImageLib.swift in Sources */ = {isa = PBXBuildFile; fileRef = 6E3EA0C621B45E9100A3FE19 /* Request+HGImageLib.swift */; };
		6E3EA0C921B45EF200A3FE19 /* ResponseSerialization.swift in Sources */ = {isa = PBXBuildFile; fileRef = 6E3EA0C821B45EF200A3FE19 /* ResponseSerialization.swift */; };
		6E3EA0CB21B45F6E00A3FE19 /* UIButton+HGImageLib.swift in Sources */ = {isa = PBXBuildFile; fileRef = 6E3EA0CA21B45F6E00A3FE19 /* UIButton+HGImageLib.swift */; };
		6E3EA0CD21B4612400A3FE19 /* ParameterEncoding.swift in Sources */ = {isa = PBXBuildFile; fileRef = 6E3EA0CC21B4612400A3FE19 /* ParameterEncoding.swift */; };
		6E3EA0CF21B4618B00A3FE19 /* SessionManager.swift in Sources */ = {isa = PBXBuildFile; fileRef = 6E3EA0CE21B4618B00A3FE19 /* SessionManager.swift */; };
		6E3EA0D121B4625800A3FE19 /* SessionDelegate.swift in Sources */ = {isa = PBXBuildFile; fileRef = 6E3EA0D021B4625800A3FE19 /* SessionDelegate.swift */; };
		6E3EA0D321B4631E00A3FE19 /* ServerTrustPolicy.swift in Sources */ = {isa = PBXBuildFile; fileRef = 6E3EA0D221B4631E00A3FE19 /* ServerTrustPolicy.swift */; };
		6E3EA0D521B463DF00A3FE19 /* DispatchQueue+HGNetworkLib.swift in Sources */ = {isa = PBXBuildFile; fileRef = 6E3EA0D421B463DF00A3FE19 /* DispatchQueue+HGNetworkLib.swift */; };
		6E3EA0D721B4643300A3FE19 /* MultipartFormData.swift in Sources */ = {isa = PBXBuildFile; fileRef = 6E3EA0D621B4643300A3FE19 /* MultipartFormData.swift */; };
		6E3EA0D921B466BF00A3FE19 /* ImageCache.swift in Sources */ = {isa = PBXBuildFile; fileRef = 6E3EA0D821B466BF00A3FE19 /* ImageCache.swift */; };
		6E3EA0DB21B4678A00A3FE19 /* Validation.swift in Sources */ = {isa = PBXBuildFile; fileRef = 6E3EA0DA21B4678A00A3FE19 /* Validation.swift */; };
		6E3EA0DF21B472E800A3FE19 /* DataModel.swift in Sources */ = {isa = PBXBuildFile; fileRef = 6E3EA0DE21B472E800A3FE19 /* DataModel.swift */; };
/* End PBXBuildFile section */

/* Begin PBXContainerItemProxy section */
		6E3EA08E21B40CDE00A3FE19 /* PBXContainerItemProxy */ = {
			isa = PBXContainerItemProxy;
			containerPortal = 6E3EA07121B40CD600A3FE19 /* Project object */;
			proxyType = 1;
			remoteGlobalIDString = 6E3EA07821B40CD600A3FE19;
			remoteInfo = HGImageLib;
		};
/* End PBXContainerItemProxy section */

/* Begin PBXFileReference section */
		6E3EA07921B40CD600A3FE19 /* HGImageLib.app */ = {isa = PBXFileReference; explicitFileType = wrapper.application; includeInIndex = 0; path = HGImageLib.app; sourceTree = BUILT_PRODUCTS_DIR; };
		6E3EA07C21B40CD600A3FE19 /* AppDelegate.swift */ = {isa = PBXFileReference; lastKnownFileType = sourcecode.swift; path = AppDelegate.swift; sourceTree = "<group>"; };
		6E3EA08121B40CD600A3FE19 /* Base */ = {isa = PBXFileReference; lastKnownFileType = file.storyboard; name = Base; path = Base.lproj/Main.storyboard; sourceTree = "<group>"; };
		6E3EA08321B40CDD00A3FE19 /* Assets.xcassets */ = {isa = PBXFileReference; lastKnownFileType = folder.assetcatalog; path = Assets.xcassets; sourceTree = "<group>"; };
		6E3EA08621B40CDD00A3FE19 /* Base */ = {isa = PBXFileReference; lastKnownFileType = file.storyboard; name = Base; path = Base.lproj/LaunchScreen.storyboard; sourceTree = "<group>"; };
		6E3EA08821B40CDD00A3FE19 /* Info.plist */ = {isa = PBXFileReference; lastKnownFileType = text.plist.xml; path = Info.plist; sourceTree = "<group>"; };
		6E3EA08D21B40CDE00A3FE19 /* HGImageLibTests.xctest */ = {isa = PBXFileReference; explicitFileType = wrapper.cfbundle; includeInIndex = 0; path = HGImageLibTests.xctest; sourceTree = BUILT_PRODUCTS_DIR; };
		6E3EA09121B40CDE00A3FE19 /* HGImageLibTests.swift */ = {isa = PBXFileReference; lastKnownFileType = sourcecode.swift; path = HGImageLibTests.swift; sourceTree = "<group>"; };
		6E3EA09321B40CDE00A3FE19 /* Info.plist */ = {isa = PBXFileReference; lastKnownFileType = text.plist.xml; path = Info.plist; sourceTree = "<group>"; };
		6E3EA0A121B429B800A3FE19 /* PinboardViewController.swift */ = {isa = PBXFileReference; lastKnownFileType = sourcecode.swift; path = PinboardViewController.swift; sourceTree = "<group>"; };
		6E3EA0A421B4337700A3FE19 /* ImageCollectionViewCell.swift */ = {isa = PBXFileReference; lastKnownFileType = sourcecode.swift; path = ImageCollectionViewCell.swift; sourceTree = "<group>"; };
		6E3EA0A921B450C300A3FE19 /* UIImageView+HGImageLib.swift */ = {isa = PBXFileReference; lastKnownFileType = sourcecode.swift; path = "UIImageView+HGImageLib.swift"; sourceTree = "<group>"; };
		6E3EA0AC21B4512B00A3FE19 /* HGNetworkLib.swift */ = {isa = PBXFileReference; lastKnownFileType = sourcecode.swift; path = HGNetworkLib.swift; sourceTree = "<group>"; };
		6E3EA0AE21B456CA00A3FE19 /* Image.swift */ = {isa = PBXFileReference; lastKnownFileType = sourcecode.swift; path = Image.swift; sourceTree = "<group>"; };
		6E3EA0B021B4584400A3FE19 /* ImageDownloader.swift */ = {isa = PBXFileReference; lastKnownFileType = sourcecode.swift; path = ImageDownloader.swift; sourceTree = "<group>"; };
		6E3EA0B221B458D500A3FE19 /* HGIError.swift */ = {isa = PBXFileReference; lastKnownFileType = sourcecode.swift; path = HGIError.swift; sourceTree = "<group>"; };
		6E3EA0B421B459C800A3FE19 /* Response.swift */ = {isa = PBXFileReference; lastKnownFileType = sourcecode.swift; path = Response.swift; sourceTree = "<group>"; };
		6E3EA0B621B459FE00A3FE19 /* Result.swift */ = {isa = PBXFileReference; lastKnownFileType = sourcecode.swift; path = Result.swift; sourceTree = "<group>"; };
		6E3EA0B821B45A3600A3FE19 /* Timeline.swift */ = {isa = PBXFileReference; lastKnownFileType = sourcecode.swift; path = Timeline.swift; sourceTree = "<group>"; };
		6E3EA0BA21B45AA400A3FE19 /* Request.swift */ = {isa = PBXFileReference; lastKnownFileType = sourcecode.swift; path = Request.swift; sourceTree = "<group>"; };
		6E3EA0BC21B45B5E00A3FE19 /* TaskDelegate.swift */ = {isa = PBXFileReference; lastKnownFileType = sourcecode.swift; path = TaskDelegate.swift; sourceTree = "<group>"; };
		6E3EA0BE21B45C4800A3FE19 /* Notifications.swift */ = {isa = PBXFileReference; lastKnownFileType = sourcecode.swift; path = Notifications.swift; sourceTree = "<group>"; };
		6E3EA0C021B45CBD00A3FE19 /* HGError.swift */ = {isa = PBXFileReference; lastKnownFileType = sourcecode.swift; path = HGError.swift; sourceTree = "<group>"; };
		6E3EA0C221B45D4C00A3FE19 /* ImageFilter.swift */ = {isa = PBXFileReference; lastKnownFileType = sourcecode.swift; path = ImageFilter.swift; sourceTree = "<group>"; };
		6E3EA0C421B45DD000A3FE19 /* UIImage+HGImageLib.swift */ = {isa = PBXFileReference; lastKnownFileType = sourcecode.swift; path = "UIImage+HGImageLib.swift"; sourceTree = "<group>"; };
		6E3EA0C621B45E9100A3FE19 /* Request+HGImageLib.swift */ = {isa = PBXFileReference; lastKnownFileType = sourcecode.swift; path = "Request+HGImageLib.swift"; sourceTree = "<group>"; };
		6E3EA0C821B45EF200A3FE19 /* ResponseSerialization.swift */ = {isa = PBXFileReference; lastKnownFileType = sourcecode.swift; path = ResponseSerialization.swift; sourceTree = "<group>"; };
		6E3EA0CA21B45F6E00A3FE19 /* UIButton+HGImageLib.swift */ = {isa = PBXFileReference; lastKnownFileType = sourcecode.swift; path = "UIButton+HGImageLib.swift"; sourceTree = "<group>"; };
		6E3EA0CC21B4612400A3FE19 /* ParameterEncoding.swift */ = {isa = PBXFileReference; lastKnownFileType = sourcecode.swift; path = ParameterEncoding.swift; sourceTree = "<group>"; };
		6E3EA0CE21B4618B00A3FE19 /* SessionManager.swift */ = {isa = PBXFileReference; lastKnownFileType = sourcecode.swift; path = SessionManager.swift; sourceTree = "<group>"; };
		6E3EA0D021B4625800A3FE19 /* SessionDelegate.swift */ = {isa = PBXFileReference; lastKnownFileType = sourcecode.swift; path = SessionDelegate.swift; sourceTree = "<group>"; };
		6E3EA0D221B4631E00A3FE19 /* ServerTrustPolicy.swift */ = {isa = PBXFileReference; lastKnownFileType = sourcecode.swift; path = ServerTrustPolicy.swift; sourceTree = "<group>"; };
		6E3EA0D421B463DF00A3FE19 /* DispatchQueue+HGNetworkLib.swift */ = {isa = PBXFileReference; lastKnownFileType = sourcecode.swift; path = "DispatchQueue+HGNetworkLib.swift"; sourceTree = "<group>"; };
		6E3EA0D621B4643300A3FE19 /* MultipartFormData.swift */ = {isa = PBXFileReference; lastKnownFileType = sourcecode.swift; path = MultipartFormData.swift; sourceTree = "<group>"; };
		6E3EA0D821B466BF00A3FE19 /* ImageCache.swift */ = {isa = PBXFileReference; lastKnownFileType = sourcecode.swift; path = ImageCache.swift; sourceTree = "<group>"; };
		6E3EA0DA21B4678A00A3FE19 /* Validation.swift */ = {isa = PBXFileReference; lastKnownFileType = sourcecode.swift; path = Validation.swift; sourceTree = "<group>"; };
		6E3EA0DE21B472E800A3FE19 /* DataModel.swift */ = {isa = PBXFileReference; lastKnownFileType = sourcecode.swift; path = DataModel.swift; sourceTree = "<group>"; };
/* End PBXFileReference section */

/* Begin PBXFrameworksBuildPhase section */
		6E3EA07621B40CD600A3FE19 /* Frameworks */ = {
			isa = PBXFrameworksBuildPhase;
			buildActionMask = 2147483647;
			files = (
			);
			runOnlyForDeploymentPostprocessing = 0;
		};
		6E3EA08A21B40CDE00A3FE19 /* Frameworks */ = {
			isa = PBXFrameworksBuildPhase;
			buildActionMask = 2147483647;
			files = (
			);
			runOnlyForDeploymentPostprocessing = 0;
		};
/* End PBXFrameworksBuildPhase section */

/* Begin PBXGroup section */
		6E3EA07021B40CD600A3FE19 = {
			isa = PBXGroup;
			children = (
				6E3EA07B21B40CD600A3FE19 /* HGImageLib */,
				6E3EA09021B40CDE00A3FE19 /* HGImageLibTests */,
				6E3EA07A21B40CD600A3FE19 /* Products */,
			);
			sourceTree = "<group>";
		};
		6E3EA07A21B40CD600A3FE19 /* Products */ = {
			isa = PBXGroup;
			children = (
				6E3EA07921B40CD600A3FE19 /* HGImageLib.app */,
				6E3EA08D21B40CDE00A3FE19 /* HGImageLibTests.xctest */,
			);
			name = Products;
			sourceTree = "<group>";
		};
		6E3EA07B21B40CD600A3FE19 /* HGImageLib */ = {
			isa = PBXGroup;
			children = (
				6E3EA09E21B4165000A3FE19 /* Models */,
				6E3EA09D21B4163200A3FE19 /* Views */,
				6E3EA09F21B4165D00A3FE19 /* ViewControllers */,
				6E3EA08321B40CDD00A3FE19 /* Assets.xcassets */,
				6E3EA0A021B4169900A3FE19 /* Support Files */,
				6E3EA0AB21B450ED00A3FE19 /* HGNetworkLib */,
				6E3EA0A821B4509F00A3FE19 /* HGImageLib */,
			);
			path = HGImageLib;
			sourceTree = "<group>";
		};
		6E3EA09021B40CDE00A3FE19 /* HGImageLibTests */ = {
			isa = PBXGroup;
			children = (
				6E3EA09121B40CDE00A3FE19 /* HGImageLibTests.swift */,
				6E3EA09321B40CDE00A3FE19 /* Info.plist */,
			);
			path = HGImageLibTests;
			sourceTree = "<group>";
		};
		6E3EA09D21B4163200A3FE19 /* Views */ = {
			isa = PBXGroup;
			children = (
				6E3EA0A321B4334B00A3FE19 /* Cells */,
				6E3EA08021B40CD600A3FE19 /* Main.storyboard */,
				6E3EA08521B40CDD00A3FE19 /* LaunchScreen.storyboard */,
			);
			name = Views;
			sourceTree = "<group>";
		};
		6E3EA09E21B4165000A3FE19 /* Models */ = {
			isa = PBXGroup;
			children = (
				6E3EA0DE21B472E800A3FE19 /* DataModel.swift */,
			);
			name = Models;
			sourceTree = "<group>";
		};
		6E3EA09F21B4165D00A3FE19 /* ViewControllers */ = {
			isa = PBXGroup;
			children = (
				6E3EA0A121B429B800A3FE19 /* PinboardViewController.swift */,
			);
			name = ViewControllers;
			sourceTree = "<group>";
		};
		6E3EA0A021B4169900A3FE19 /* Support Files */ = {
			isa = PBXGroup;
			children = (
				6E3EA07C21B40CD600A3FE19 /* AppDelegate.swift */,
				6E3EA08821B40CDD00A3FE19 /* Info.plist */,
			);
			name = "Support Files";
			sourceTree = "<group>";
		};
		6E3EA0A321B4334B00A3FE19 /* Cells */ = {
			isa = PBXGroup;
			children = (
				6E3EA0A421B4337700A3FE19 /* ImageCollectionViewCell.swift */,
			);
			name = Cells;
			sourceTree = "<group>";
		};
		6E3EA0A821B4509F00A3FE19 /* HGImageLib */ = {
			isa = PBXGroup;
			children = (
				6E3EA0AE21B456CA00A3FE19 /* Image.swift */,
				6E3EA0B021B4584400A3FE19 /* ImageDownloader.swift */,
				6E3EA0B221B458D500A3FE19 /* HGIError.swift */,
				6E3EA0C221B45D4C00A3FE19 /* ImageFilter.swift */,
				6E3EA0C621B45E9100A3FE19 /* Request+HGImageLib.swift */,
				6E3EA0D821B466BF00A3FE19 /* ImageCache.swift */,
				6E3EA0C421B45DD000A3FE19 /* UIImage+HGImageLib.swift */,
				6E3EA0A921B450C300A3FE19 /* UIImageView+HGImageLib.swift */,
				6E3EA0CA21B45F6E00A3FE19 /* UIButton+HGImageLib.swift */,
			);
			path = HGImageLib;
			sourceTree = "<group>";
		};
		6E3EA0AB21B450ED00A3FE19 /* HGNetworkLib */ = {
			isa = PBXGroup;
			children = (
				6E3EA0AC21B4512B00A3FE19 /* HGNetworkLib.swift */,
				6E3EA0C021B45CBD00A3FE19 /* HGError.swift */,
				6E3EA0B421B459C800A3FE19 /* Response.swift */,
				6E3EA0B621B459FE00A3FE19 /* Result.swift */,
				6E3EA0B821B45A3600A3FE19 /* Timeline.swift */,
				6E3EA0BA21B45AA400A3FE19 /* Request.swift */,
				6E3EA0BC21B45B5E00A3FE19 /* TaskDelegate.swift */,
				6E3EA0BE21B45C4800A3FE19 /* Notifications.swift */,
				6E3EA0C821B45EF200A3FE19 /* ResponseSerialization.swift */,
				6E3EA0CC21B4612400A3FE19 /* ParameterEncoding.swift */,
				6E3EA0CE21B4618B00A3FE19 /* SessionManager.swift */,
				6E3EA0D021B4625800A3FE19 /* SessionDelegate.swift */,
				6E3EA0D221B4631E00A3FE19 /* ServerTrustPolicy.swift */,
				6E3EA0D421B463DF00A3FE19 /* DispatchQueue+HGNetworkLib.swift */,
				6E3EA0D621B4643300A3FE19 /* MultipartFormData.swift */,
				6E3EA0DA21B4678A00A3FE19 /* Validation.swift */,
			);
			path = HGNetworkLib;
			sourceTree = "<group>";
		};
/* End PBXGroup section */

/* Begin PBXNativeTarget section */
		6E3EA07821B40CD600A3FE19 /* HGImageLib */ = {
			isa = PBXNativeTarget;
			buildConfigurationList = 6E3EA09621B40CDE00A3FE19 /* Build configuration list for PBXNativeTarget "HGImageLib" */;
			buildPhases = (
				6E3EA07521B40CD600A3FE19 /* Sources */,
				6E3EA07621B40CD600A3FE19 /* Frameworks */,
				6E3EA07721B40CD600A3FE19 /* Resources */,
			);
			buildRules = (
			);
			dependencies = (
			);
			name = HGImageLib;
			productName = HGImageLib;
			productReference = 6E3EA07921B40CD600A3FE19 /* HGImageLib.app */;
			productType = "com.apple.product-type.application";
		};
		6E3EA08C21B40CDE00A3FE19 /* HGImageLibTests */ = {
			isa = PBXNativeTarget;
			buildConfigurationList = 6E3EA09921B40CDE00A3FE19 /* Build configuration list for PBXNativeTarget "HGImageLibTests" */;
			buildPhases = (
				6E3EA08921B40CDE00A3FE19 /* Sources */,
				6E3EA08A21B40CDE00A3FE19 /* Frameworks */,
				6E3EA08B21B40CDE00A3FE19 /* Resources */,
			);
			buildRules = (
			);
			dependencies = (
				6E3EA08F21B40CDE00A3FE19 /* PBXTargetDependency */,
			);
			name = HGImageLibTests;
			productName = HGImageLibTests;
			productReference = 6E3EA08D21B40CDE00A3FE19 /* HGImageLibTests.xctest */;
			productType = "com.apple.product-type.bundle.unit-test";
		};
/* End PBXNativeTarget section */

/* Begin PBXProject section */
		6E3EA07121B40CD600A3FE19 /* Project object */ = {
			isa = PBXProject;
			attributes = {
				LastSwiftUpdateCheck = 1010;
				LastUpgradeCheck = 1010;
				ORGANIZATIONNAME = Haresh;
				TargetAttributes = {
					6E3EA07821B40CD600A3FE19 = {
						CreatedOnToolsVersion = 10.1;
					};
					6E3EA08C21B40CDE00A3FE19 = {
						CreatedOnToolsVersion = 10.1;
						TestTargetID = 6E3EA07821B40CD600A3FE19;
					};
				};
			};
			buildConfigurationList = 6E3EA07421B40CD600A3FE19 /* Build configuration list for PBXProject "HGImageLib" */;
			compatibilityVersion = "Xcode 9.3";
			developmentRegion = en;
			hasScannedForEncodings = 0;
			knownRegions = (
				en,
				Base,
			);
			mainGroup = 6E3EA07021B40CD600A3FE19;
			productRefGroup = 6E3EA07A21B40CD600A3FE19 /* Products */;
			projectDirPath = "";
			projectRoot = "";
			targets = (
				6E3EA07821B40CD600A3FE19 /* HGImageLib */,
				6E3EA08C21B40CDE00A3FE19 /* HGImageLibTests */,
			);
		};
/* End PBXProject section */

/* Begin PBXResourcesBuildPhase section */
		6E3EA07721B40CD600A3FE19 /* Resources */ = {
			isa = PBXResourcesBuildPhase;
			buildActionMask = 2147483647;
			files = (
				6E3EA08721B40CDD00A3FE19 /* LaunchScreen.storyboard in Resources */,
				6E3EA08421B40CDD00A3FE19 /* Assets.xcassets in Resources */,
				6E3EA08221B40CD600A3FE19 /* Main.storyboard in Resources */,
			);
			runOnlyForDeploymentPostprocessing = 0;
		};
		6E3EA08B21B40CDE00A3FE19 /* Resources */ = {
			isa = PBXResourcesBuildPhase;
			buildActionMask = 2147483647;
			files = (
			);
			runOnlyForDeploymentPostprocessing = 0;
		};
/* End PBXResourcesBuildPhase section */

/* Begin PBXSourcesBuildPhase section */
		6E3EA07521B40CD600A3FE19 /* Sources */ = {
			isa = PBXSourcesBuildPhase;
			buildActionMask = 2147483647;
			files = (
				6E3EA0CD21B4612400A3FE19 /* ParameterEncoding.swift in Sources */,
				6E3EA0C521B45DD000A3FE19 /* UIImage+HGImageLib.swift in Sources */,
				6E3EA0D721B4643300A3FE19 /* MultipartFormData.swift in Sources */,
				6E3EA0A521B4337700A3FE19 /* ImageCollectionViewCell.swift in Sources */,
				6E3EA0D321B4631E00A3FE19 /* ServerTrustPolicy.swift in Sources */,
				6E3EA0BB21B45AA400A3FE19 /* Request.swift in Sources */,
				6E3EA0DB21B4678A00A3FE19 /* Validation.swift in Sources */,
				6E3EA0AF21B456CA00A3FE19 /* Image.swift in Sources */,
				6E3EA0C121B45CBD00A3FE19 /* HGError.swift in Sources */,
				6E3EA0B121B4584400A3FE19 /* ImageDownloader.swift in Sources */,
				6E3EA0C321B45D4C00A3FE19 /* ImageFilter.swift in Sources */,
				6E3EA0B321B458D500A3FE19 /* HGIError.swift in Sources */,
				6E3EA0D521B463DF00A3FE19 /* DispatchQueue+HGNetworkLib.swift in Sources */,
				6E3EA0DF21B472E800A3FE19 /* DataModel.swift in Sources */,
				6E3EA0D921B466BF00A3FE19 /* ImageCache.swift in Sources */,
				6E3EA0B521B459C800A3FE19 /* Response.swift in Sources */,
				6E3EA0CF21B4618B00A3FE19 /* SessionManager.swift in Sources */,
				6E3EA07D21B40CD600A3FE19 /* AppDelegate.swift in Sources */,
				6E3EA0D121B4625800A3FE19 /* SessionDelegate.swift in Sources */,
				6E3EA0B721B459FE00A3FE19 /* Result.swift in Sources */,
				6E3EA0BF21B45C4800A3FE19 /* Notifications.swift in Sources */,
				6E3EA0AD21B4512B00A3FE19 /* HGNetworkLib.swift in Sources */,
				6E3EA0A221B429B800A3FE19 /* PinboardViewController.swift in Sources */,
				6E3EA0AA21B450C300A3FE19 /* UIImageView+HGImageLib.swift in Sources */,
				6E3EA0B921B45A3600A3FE19 /* Timeline.swift in Sources */,
				6E3EA0C921B45EF200A3FE19 /* ResponseSerialization.swift in Sources */,
				6E3EA0C721B45E9100A3FE19 /* Request+HGImageLib.swift in Sources */,
				6E3EA0CB21B45F6E00A3FE19 /* UIButton+HGImageLib.swift in Sources */,
				6E3EA0BD21B45B5E00A3FE19 /* TaskDelegate.swift in Sources */,
			);
			runOnlyForDeploymentPostprocessing = 0;
		};
		6E3EA08921B40CDE00A3FE19 /* Sources */ = {
			isa = PBXSourcesBuildPhase;
			buildActionMask = 2147483647;
			files = (
				6E3EA09221B40CDE00A3FE19 /* HGImageLibTests.swift in Sources */,
			);
			runOnlyForDeploymentPostprocessing = 0;
		};
/* End PBXSourcesBuildPhase section */

/* Begin PBXTargetDependency section */
		6E3EA08F21B40CDE00A3FE19 /* PBXTargetDependency */ = {
			isa = PBXTargetDependency;
			target = 6E3EA07821B40CD600A3FE19 /* HGImageLib */;
			targetProxy = 6E3EA08E21B40CDE00A3FE19 /* PBXContainerItemProxy */;
		};
/* End PBXTargetDependency section */

/* Begin PBXVariantGroup section */
		6E3EA08021B40CD600A3FE19 /* Main.storyboard */ = {
			isa = PBXVariantGroup;
			children = (
				6E3EA08121B40CD600A3FE19 /* Base */,
			);
			name = Main.storyboard;
			sourceTree = "<group>";
		};
		6E3EA08521B40CDD00A3FE19 /* LaunchScreen.storyboard */ = {
			isa = PBXVariantGroup;
			children = (
				6E3EA08621B40CDD00A3FE19 /* Base */,
			);
			name = LaunchScreen.storyboard;
			sourceTree = "<group>";
		};
/* End PBXVariantGroup section */

/* Begin XCBuildConfiguration section */
		6E3EA09421B40CDE00A3FE19 /* Debug */ = {
			isa = XCBuildConfiguration;
			buildSettings = {
				ALWAYS_SEARCH_USER_PATHS = NO;
				CLANG_ANALYZER_NONNULL = YES;
				CLANG_ANALYZER_NUMBER_OBJECT_CONVERSION = YES_AGGRESSIVE;
				CLANG_CXX_LANGUAGE_STANDARD = "gnu++14";
				CLANG_CXX_LIBRARY = "libc++";
				CLANG_ENABLE_MODULES = YES;
				CLANG_ENABLE_OBJC_ARC = YES;
				CLANG_ENABLE_OBJC_WEAK = YES;
				CLANG_WARN_BLOCK_CAPTURE_AUTORELEASING = YES;
				CLANG_WARN_BOOL_CONVERSION = YES;
				CLANG_WARN_COMMA = YES;
				CLANG_WARN_CONSTANT_CONVERSION = YES;
				CLANG_WARN_DEPRECATED_OBJC_IMPLEMENTATIONS = YES;
				CLANG_WARN_DIRECT_OBJC_ISA_USAGE = YES_ERROR;
				CLANG_WARN_DOCUMENTATION_COMMENTS = YES;
				CLANG_WARN_EMPTY_BODY = YES;
				CLANG_WARN_ENUM_CONVERSION = YES;
				CLANG_WARN_INFINITE_RECURSION = YES;
				CLANG_WARN_INT_CONVERSION = YES;
				CLANG_WARN_NON_LITERAL_NULL_CONVERSION = YES;
				CLANG_WARN_OBJC_IMPLICIT_RETAIN_SELF = YES;
				CLANG_WARN_OBJC_LITERAL_CONVERSION = YES;
				CLANG_WARN_OBJC_ROOT_CLASS = YES_ERROR;
				CLANG_WARN_RANGE_LOOP_ANALYSIS = YES;
				CLANG_WARN_STRICT_PROTOTYPES = YES;
				CLANG_WARN_SUSPICIOUS_MOVE = YES;
				CLANG_WARN_UNGUARDED_AVAILABILITY = YES_AGGRESSIVE;
				CLANG_WARN_UNREACHABLE_CODE = YES;
				CLANG_WARN__DUPLICATE_METHOD_MATCH = YES;
				CODE_SIGN_IDENTITY = "iPhone Developer";
				COPY_PHASE_STRIP = NO;
				DEBUG_INFORMATION_FORMAT = dwarf;
				ENABLE_STRICT_OBJC_MSGSEND = YES;
				ENABLE_TESTABILITY = YES;
				GCC_C_LANGUAGE_STANDARD = gnu11;
				GCC_DYNAMIC_NO_PIC = NO;
				GCC_NO_COMMON_BLOCKS = YES;
				GCC_OPTIMIZATION_LEVEL = 0;
				GCC_PREPROCESSOR_DEFINITIONS = (
					"DEBUG=1",
					"$(inherited)",
				);
				GCC_WARN_64_TO_32_BIT_CONVERSION = YES;
				GCC_WARN_ABOUT_RETURN_TYPE = YES_ERROR;
				GCC_WARN_UNDECLARED_SELECTOR = YES;
				GCC_WARN_UNINITIALIZED_AUTOS = YES_AGGRESSIVE;
				GCC_WARN_UNUSED_FUNCTION = YES;
				GCC_WARN_UNUSED_VARIABLE = YES;
				IPHONEOS_DEPLOYMENT_TARGET = 10.0;
				MTL_ENABLE_DEBUG_INFO = INCLUDE_SOURCE;
				MTL_FAST_MATH = YES;
				ONLY_ACTIVE_ARCH = YES;
				SDKROOT = iphoneos;
				SWIFT_ACTIVE_COMPILATION_CONDITIONS = DEBUG;
				SWIFT_OPTIMIZATION_LEVEL = "-Onone";
			};
			name = Debug;
		};
		6E3EA09521B40CDE00A3FE19 /* Release */ = {
			isa = XCBuildConfiguration;
			buildSettings = {
				ALWAYS_SEARCH_USER_PATHS = NO;
				CLANG_ANALYZER_NONNULL = YES;
				CLANG_ANALYZER_NUMBER_OBJECT_CONVERSION = YES_AGGRESSIVE;
				CLANG_CXX_LANGUAGE_STANDARD = "gnu++14";
				CLANG_CXX_LIBRARY = "libc++";
				CLANG_ENABLE_MODULES = YES;
				CLANG_ENABLE_OBJC_ARC = YES;
				CLANG_ENABLE_OBJC_WEAK = YES;
				CLANG_WARN_BLOCK_CAPTURE_AUTORELEASING = YES;
				CLANG_WARN_BOOL_CONVERSION = YES;
				CLANG_WARN_COMMA = YES;
				CLANG_WARN_CONSTANT_CONVERSION = YES;
				CLANG_WARN_DEPRECATED_OBJC_IMPLEMENTATIONS = YES;
				CLANG_WARN_DIRECT_OBJC_ISA_USAGE = YES_ERROR;
				CLANG_WARN_DOCUMENTATION_COMMENTS = YES;
				CLANG_WARN_EMPTY_BODY = YES;
				CLANG_WARN_ENUM_CONVERSION = YES;
				CLANG_WARN_INFINITE_RECURSION = YES;
				CLANG_WARN_INT_CONVERSION = YES;
				CLANG_WARN_NON_LITERAL_NULL_CONVERSION = YES;
				CLANG_WARN_OBJC_IMPLICIT_RETAIN_SELF = YES;
				CLANG_WARN_OBJC_LITERAL_CONVERSION = YES;
				CLANG_WARN_OBJC_ROOT_CLASS = YES_ERROR;
				CLANG_WARN_RANGE_LOOP_ANALYSIS = YES;
				CLANG_WARN_STRICT_PROTOTYPES = YES;
				CLANG_WARN_SUSPICIOUS_MOVE = YES;
				CLANG_WARN_UNGUARDED_AVAILABILITY = YES_AGGRESSIVE;
				CLANG_WARN_UNREACHABLE_CODE = YES;
				CLANG_WARN__DUPLICATE_METHOD_MATCH = YES;
				CODE_SIGN_IDENTITY = "iPhone Developer";
				COPY_PHASE_STRIP = NO;
				DEBUG_INFORMATION_FORMAT = "dwarf-with-dsym";
				ENABLE_NS_ASSERTIONS = NO;
				ENABLE_STRICT_OBJC_MSGSEND = YES;
				GCC_C_LANGUAGE_STANDARD = gnu11;
				GCC_NO_COMMON_BLOCKS = YES;
				GCC_WARN_64_TO_32_BIT_CONVERSION = YES;
				GCC_WARN_ABOUT_RETURN_TYPE = YES_ERROR;
				GCC_WARN_UNDECLARED_SELECTOR = YES;
				GCC_WARN_UNINITIALIZED_AUTOS = YES_AGGRESSIVE;
				GCC_WARN_UNUSED_FUNCTION = YES;
				GCC_WARN_UNUSED_VARIABLE = YES;
				IPHONEOS_DEPLOYMENT_TARGET = 10.0;
				MTL_ENABLE_DEBUG_INFO = NO;
				MTL_FAST_MATH = YES;
				SDKROOT = iphoneos;
				SWIFT_COMPILATION_MODE = wholemodule;
				SWIFT_OPTIMIZATION_LEVEL = "-O";
				VALIDATE_PRODUCT = YES;
			};
			name = Release;
		};
		6E3EA09721B40CDE00A3FE19 /* Debug */ = {
			isa = XCBuildConfiguration;
			buildSettings = {
				ASSETCATALOG_COMPILER_APPICON_NAME = AppIcon;
				CODE_SIGN_STYLE = Automatic;
				INFOPLIST_FILE = HGImageLib/Info.plist;
				LD_RUNPATH_SEARCH_PATHS = (
					"$(inherited)",
					"@executable_path/Frameworks",
				);
				PRODUCT_BUNDLE_IDENTIFIER = com.HGImageLib;
				PRODUCT_NAME = "$(TARGET_NAME)";
				SWIFT_VERSION = 4.0;
				TARGETED_DEVICE_FAMILY = "1,2";
			};
			name = Debug;
		};
		6E3EA09821B40CDE00A3FE19 /* Release */ = {
			isa = XCBuildConfiguration;
			buildSettings = {
				ASSETCATALOG_COMPILER_APPICON_NAME = AppIcon;
				CODE_SIGN_STYLE = Automatic;
				INFOPLIST_FILE = HGImageLib/Info.plist;
				LD_RUNPATH_SEARCH_PATHS = (
					"$(inherited)",
					"@executable_path/Frameworks",
				);
				PRODUCT_BUNDLE_IDENTIFIER = com.HGImageLib;
				PRODUCT_NAME = "$(TARGET_NAME)";
				SWIFT_VERSION = 4.0;
				TARGETED_DEVICE_FAMILY = "1,2";
			};
			name = Release;
		};
		6E3EA09A21B40CDE00A3FE19 /* Debug */ = {
			isa = XCBuildConfiguration;
			buildSettings = {
				ALWAYS_EMBED_SWIFT_STANDARD_LIBRARIES = YES;
				BUNDLE_LOADER = "$(TEST_HOST)";
				CODE_SIGN_STYLE = Automatic;
				INFOPLIST_FILE = HGImageLibTests/Info.plist;
				LD_RUNPATH_SEARCH_PATHS = (
					"$(inherited)",
					"@executable_path/Frameworks",
					"@loader_path/Frameworks",
				);
				PRODUCT_BUNDLE_IDENTIFIER = com.HGImageLibTests;
				PRODUCT_NAME = "$(TARGET_NAME)";
				SWIFT_VERSION = 4.2;
				TARGETED_DEVICE_FAMILY = "1,2";
				TEST_HOST = "$(BUILT_PRODUCTS_DIR)/HGImageLib.app/HGImageLib";
			};
			name = Debug;
		};
		6E3EA09B21B40CDE00A3FE19 /* Release */ = {
			isa = XCBuildConfiguration;
			buildSettings = {
				ALWAYS_EMBED_SWIFT_STANDARD_LIBRARIES = YES;
				BUNDLE_LOADER = "$(TEST_HOST)";
				CODE_SIGN_STYLE = Automatic;
				INFOPLIST_FILE = HGImageLibTests/Info.plist;
				LD_RUNPATH_SEARCH_PATHS = (
					"$(inherited)",
					"@executable_path/Frameworks",
					"@loader_path/Frameworks",
				);
				PRODUCT_BUNDLE_IDENTIFIER = com.HGImageLibTests;
				PRODUCT_NAME = "$(TARGET_NAME)";
				SWIFT_VERSION = 4.2;
				TARGETED_DEVICE_FAMILY = "1,2";
				TEST_HOST = "$(BUILT_PRODUCTS_DIR)/HGImageLib.app/HGImageLib";
			};
			name = Release;
		};
/* End XCBuildConfiguration section */

/* Begin XCConfigurationList section */
		6E3EA07421B40CD600A3FE19 /* Build configuration list for PBXProject "HGImageLib" */ = {
			isa = XCConfigurationList;
			buildConfigurations = (
				6E3EA09421B40CDE00A3FE19 /* Debug */,
				6E3EA09521B40CDE00A3FE19 /* Release */,
			);
			defaultConfigurationIsVisible = 0;
			defaultConfigurationName = Release;
		};
		6E3EA09621B40CDE00A3FE19 /* Build configuration list for PBXNativeTarget "HGImageLib" */ = {
			isa = XCConfigurationList;
			buildConfigurations = (
				6E3EA09721B40CDE00A3FE19 /* Debug */,
				6E3EA09821B40CDE00A3FE19 /* Release */,
			);
			defaultConfigurationIsVisible = 0;
			defaultConfigurationName = Release;
		};
		6E3EA09921B40CDE00A3FE19 /* Build configuration list for PBXNativeTarget "HGImageLibTests" */ = {
			isa = XCConfigurationList;
			buildConfigurations = (
				6E3EA09A21B40CDE00A3FE19 /* Debug */,
				6E3EA09B21B40CDE00A3FE19 /* Release */,
			);
			defaultConfigurationIsVisible = 0;
			defaultConfigurationName = Release;
		};
/* End XCConfigurationList section */
	};
	rootObject = 6E3EA07121B40CD600A3FE19 /* Project object */;
}
